// !$*UTF8*$!
{
	archiveVersion = 1;
	classes = {
	};
	objectVersion = 56;
	objects = {

/* Begin PBXBuildFile section */
		3E195C762A74683200FB0CAD /* Constants.swift in Sources */ = {isa = PBXBuildFile; fileRef = 3E195C752A74683200FB0CAD /* Constants.swift */; };
		3E195C782A747D8300FB0CAD /* LeaderboardViewModel.swift in Sources */ = {isa = PBXBuildFile; fileRef = 3E195C772A747D8300FB0CAD /* LeaderboardViewModel.swift */; };
		3E2995852AB4ED5E00F40003 /* PlayerBetsView.swift in Sources */ = {isa = PBXBuildFile; fileRef = 3E2995842AB4ED5E00F40003 /* PlayerBetsView.swift */; };
		3E2995872AB9F4E600F40003 /* HowToPlay.swift in Sources */ = {isa = PBXBuildFile; fileRef = 3E2995862AB9F4E600F40003 /* HowToPlay.swift */; };
		3E3451882AC2250C00332133 /* LeagueIntro.swift in Sources */ = {isa = PBXBuildFile; fileRef = 3E3451872AC2250C00332133 /* LeagueIntro.swift */; };
		3E34518B2AC226C800332133 /* JoinLeague.swift in Sources */ = {isa = PBXBuildFile; fileRef = 3E34518A2AC226C800332133 /* JoinLeague.swift */; };
		3E34518D2AC3477600332133 /* LeagueList.swift in Sources */ = {isa = PBXBuildFile; fileRef = 3E34518C2AC3477600332133 /* LeagueList.swift */; };
		3E3596BF2A6C0B1800948A38 /* FirebaseAuth in Frameworks */ = {isa = PBXBuildFile; productRef = 3E3596BE2A6C0B1800948A38 /* FirebaseAuth */; };
		3E3596C12A6C0B1800948A38 /* FirebaseFirestore in Frameworks */ = {isa = PBXBuildFile; productRef = 3E3596C02A6C0B1800948A38 /* FirebaseFirestore */; };
		3E3596C32A6C0B1800948A38 /* FirebaseFirestoreSwift in Frameworks */ = {isa = PBXBuildFile; productRef = 3E3596C22A6C0B1800948A38 /* FirebaseFirestoreSwift */; };
		3E5D8D232A639B5300634DBE /* Board.swift in Sources */ = {isa = PBXBuildFile; fileRef = 3E5D8D222A639B5300634DBE /* Board.swift */; };
		3E5D8D252A63A4F100634DBE /* CustomButton.swift in Sources */ = {isa = PBXBuildFile; fileRef = 3E5D8D242A63A4F100634DBE /* CustomButton.swift */; };
		3E5D8D272A64718C00634DBE /* MyBets.swift in Sources */ = {isa = PBXBuildFile; fileRef = 3E5D8D262A64718C00634DBE /* MyBets.swift */; };
		3EA650412A5F7565007CA5ED /* KapApp.swift in Sources */ = {isa = PBXBuildFile; fileRef = 3EA650402A5F7565007CA5ED /* KapApp.swift */; };
		3EA650452A5F7568007CA5ED /* Assets.xcassets in Resources */ = {isa = PBXBuildFile; fileRef = 3EA650442A5F7568007CA5ED /* Assets.xcassets */; };
		3EA650482A5F7568007CA5ED /* Preview Assets.xcassets in Resources */ = {isa = PBXBuildFile; fileRef = 3EA650472A5F7568007CA5ED /* Preview Assets.xcassets */; };
		3EA874DA2ABE9800009F4ED2 /* LiveBetsView.swift in Sources */ = {isa = PBXBuildFile; fileRef = 3EA874D92ABE9800009F4ED2 /* LiveBetsView.swift */; };
		3EAA28A42AA4FA81003AB5EC /* GoogleService-Info.plist in Resources */ = {isa = PBXBuildFile; fileRef = 3EAA28A32AA4FA81003AB5EC /* GoogleService-Info.plist */; };
		3ED8EC3B2A65F47400E05FF2 /* Betslip.swift in Sources */ = {isa = PBXBuildFile; fileRef = 3ED8EC3A2A65F47400E05FF2 /* Betslip.swift */; };
		3EDBFCD22A8E901B00EB8628 /* AuthViewModel.swift in Sources */ = {isa = PBXBuildFile; fileRef = 3EDBFCD12A8E901B00EB8628 /* AuthViewModel.swift */; };
		3EDBFCD42A8E907500EB8628 /* UserService.swift in Sources */ = {isa = PBXBuildFile; fileRef = 3EDBFCD32A8E907500EB8628 /* UserService.swift */; };
		3EDBFCD62A8EA18000EB8628 /* Login.swift in Sources */ = {isa = PBXBuildFile; fileRef = 3EDBFCD52A8EA18000EB8628 /* Login.swift */; };
		3EDBFCD82A8EE20100EB8628 /* BetViews.swift in Sources */ = {isa = PBXBuildFile; fileRef = 3EDBFCD72A8EE20100EB8628 /* BetViews.swift */; };
		3EDBFCDA2A8EEE0D00EB8628 /* Profile.swift in Sources */ = {isa = PBXBuildFile; fileRef = 3EDBFCD92A8EEE0D00EB8628 /* Profile.swift */; };
		3EDBFCDC2A8FC03000EB8628 /* LiveScore.swift in Sources */ = {isa = PBXBuildFile; fileRef = 3EDBFCDB2A8FC03000EB8628 /* LiveScore.swift */; };
		3EDBFCDE2A8FC04900EB8628 /* LiveScoreViewModel.swift in Sources */ = {isa = PBXBuildFile; fileRef = 3EDBFCDD2A8FC04900EB8628 /* LiveScoreViewModel.swift */; };
		3EE35E532A5F86CB0026F952 /* Home.swift in Sources */ = {isa = PBXBuildFile; fileRef = 3EE35E522A5F86CB0026F952 /* Home.swift */; };
		3EE35E552A60D77A0026F952 /* User.swift in Sources */ = {isa = PBXBuildFile; fileRef = 3EE35E542A60D77A0026F952 /* User.swift */; };
		3EE35E572A60D7940026F952 /* League.swift in Sources */ = {isa = PBXBuildFile; fileRef = 3EE35E562A60D7940026F952 /* League.swift */; };
		3EE35E592A60D7B30026F952 /* Bet.swift in Sources */ = {isa = PBXBuildFile; fileRef = 3EE35E582A60D7B30026F952 /* Bet.swift */; };
		3EE35E5B2A60D7F00026F952 /* Parlay.swift in Sources */ = {isa = PBXBuildFile; fileRef = 3EE35E5A2A60D7F00026F952 /* Parlay.swift */; };
		3EE35E5D2A60D7FB0026F952 /* Game.swift in Sources */ = {isa = PBXBuildFile; fileRef = 3EE35E5C2A60D7FB0026F952 /* Game.swift */; };
		3EE35E602A60DBE80026F952 /* HomeViewModel.swift in Sources */ = {isa = PBXBuildFile; fileRef = 3EE35E5F2A60DBE80026F952 /* HomeViewModel.swift */; };
		3EE35E632A60E2CE0026F952 /* nflData.json in Resources */ = {isa = PBXBuildFile; fileRef = 3EE35E622A60E2CE0026F952 /* nflData.json */; };
		3EE35E662A60E3940026F952 /* GameService.swift in Sources */ = {isa = PBXBuildFile; fileRef = 3EE35E652A60E3940026F952 /* GameService.swift */; };
		3EE35E6A2A61C8C00026F952 /* Leaderboard.swift in Sources */ = {isa = PBXBuildFile; fileRef = 3EE35E692A61C8C00026F952 /* Leaderboard.swift */; };
		3EE35E6C2A6318E80026F952 /* nflScores.json in Resources */ = {isa = PBXBuildFile; fileRef = 3EE35E6B2A6318E80026F952 /* nflScores.json */; };
		3EF278762A9D2E5100DFC32C /* mlbData.json in Resources */ = {isa = PBXBuildFile; fileRef = 3EF278752A9D2E5100DFC32C /* mlbData.json */; };
		3EF278782A9D2E6100DFC32C /* mlbScores.json in Resources */ = {isa = PBXBuildFile; fileRef = 3EF278772A9D2E6100DFC32C /* mlbScores.json */; };
		3EF3991B2A71CF5100E03B76 /* Player.swift in Sources */ = {isa = PBXBuildFile; fileRef = 3EF3991A2A71CF5100E03B76 /* Player.swift */; };
		3EFA18712A7094F2002D6E94 /* UserViewModel.swift in Sources */ = {isa = PBXBuildFile; fileRef = 3EFA18702A7094F2002D6E94 /* UserViewModel.swift */; };
		3EFA18732A709843002D6E94 /* BetViewModel.swift in Sources */ = {isa = PBXBuildFile; fileRef = 3EFA18722A709843002D6E94 /* BetViewModel.swift */; };
		3EFA18772A709A99002D6E94 /* ParlayViewModel.swift in Sources */ = {isa = PBXBuildFile; fileRef = 3EFA18762A709A99002D6E94 /* ParlayViewModel.swift */; };
		3EFA18792A70C192002D6E94 /* LeagueViewModel.swift in Sources */ = {isa = PBXBuildFile; fileRef = 3EFA18782A70C192002D6E94 /* LeagueViewModel.swift */; };
		3EFA187B2A70C1C7002D6E94 /* PlayerViewModel.swift in Sources */ = {isa = PBXBuildFile; fileRef = 3EFA187A2A70C1C7002D6E94 /* PlayerViewModel.swift */; };
/* End PBXBuildFile section */

/* Begin PBXFileReference section */
		3E195C752A74683200FB0CAD /* Constants.swift */ = {isa = PBXFileReference; lastKnownFileType = sourcecode.swift; path = Constants.swift; sourceTree = "<group>"; };
		3E195C772A747D8300FB0CAD /* LeaderboardViewModel.swift */ = {isa = PBXFileReference; lastKnownFileType = sourcecode.swift; path = LeaderboardViewModel.swift; sourceTree = "<group>"; };
		3E2995842AB4ED5E00F40003 /* PlayerBetsView.swift */ = {isa = PBXFileReference; lastKnownFileType = sourcecode.swift; path = PlayerBetsView.swift; sourceTree = "<group>"; };
		3E2995862AB9F4E600F40003 /* HowToPlay.swift */ = {isa = PBXFileReference; lastKnownFileType = sourcecode.swift; path = HowToPlay.swift; sourceTree = "<group>"; };
		3E3451872AC2250C00332133 /* LeagueIntro.swift */ = {isa = PBXFileReference; lastKnownFileType = sourcecode.swift; path = LeagueIntro.swift; sourceTree = "<group>"; };
		3E34518A2AC226C800332133 /* JoinLeague.swift */ = {isa = PBXFileReference; lastKnownFileType = sourcecode.swift; path = JoinLeague.swift; sourceTree = "<group>"; };
		3E34518C2AC3477600332133 /* LeagueList.swift */ = {isa = PBXFileReference; lastKnownFileType = sourcecode.swift; path = LeagueList.swift; sourceTree = "<group>"; };
		3E5D8D222A639B5300634DBE /* Board.swift */ = {isa = PBXFileReference; lastKnownFileType = sourcecode.swift; path = Board.swift; sourceTree = "<group>"; };
		3E5D8D242A63A4F100634DBE /* CustomButton.swift */ = {isa = PBXFileReference; lastKnownFileType = sourcecode.swift; path = CustomButton.swift; sourceTree = "<group>"; };
		3E5D8D262A64718C00634DBE /* MyBets.swift */ = {isa = PBXFileReference; lastKnownFileType = sourcecode.swift; path = MyBets.swift; sourceTree = "<group>"; };
		3EA6503D2A5F7565007CA5ED /* Kap.app */ = {isa = PBXFileReference; explicitFileType = wrapper.application; includeInIndex = 0; path = Kap.app; sourceTree = BUILT_PRODUCTS_DIR; };
		3EA650402A5F7565007CA5ED /* KapApp.swift */ = {isa = PBXFileReference; lastKnownFileType = sourcecode.swift; path = KapApp.swift; sourceTree = "<group>"; };
		3EA650442A5F7568007CA5ED /* Assets.xcassets */ = {isa = PBXFileReference; lastKnownFileType = folder.assetcatalog; path = Assets.xcassets; sourceTree = "<group>"; };
		3EA650472A5F7568007CA5ED /* Preview Assets.xcassets */ = {isa = PBXFileReference; lastKnownFileType = folder.assetcatalog; path = "Preview Assets.xcassets"; sourceTree = "<group>"; };
		3EA874D92ABE9800009F4ED2 /* LiveBetsView.swift */ = {isa = PBXFileReference; lastKnownFileType = sourcecode.swift; path = LiveBetsView.swift; sourceTree = "<group>"; };
		3EAA28A32AA4FA81003AB5EC /* GoogleService-Info.plist */ = {isa = PBXFileReference; fileEncoding = 4; lastKnownFileType = text.plist.xml; path = "GoogleService-Info.plist"; sourceTree = "<group>"; };
		3ED8EC3A2A65F47400E05FF2 /* Betslip.swift */ = {isa = PBXFileReference; lastKnownFileType = sourcecode.swift; path = Betslip.swift; sourceTree = "<group>"; };
		3EDBFCD12A8E901B00EB8628 /* AuthViewModel.swift */ = {isa = PBXFileReference; lastKnownFileType = sourcecode.swift; path = AuthViewModel.swift; sourceTree = "<group>"; };
		3EDBFCD32A8E907500EB8628 /* UserService.swift */ = {isa = PBXFileReference; lastKnownFileType = sourcecode.swift; path = UserService.swift; sourceTree = "<group>"; };
		3EDBFCD52A8EA18000EB8628 /* Login.swift */ = {isa = PBXFileReference; lastKnownFileType = sourcecode.swift; path = Login.swift; sourceTree = "<group>"; };
		3EDBFCD72A8EE20100EB8628 /* BetViews.swift */ = {isa = PBXFileReference; lastKnownFileType = sourcecode.swift; path = BetViews.swift; sourceTree = "<group>"; };
		3EDBFCD92A8EEE0D00EB8628 /* Profile.swift */ = {isa = PBXFileReference; lastKnownFileType = sourcecode.swift; path = Profile.swift; sourceTree = "<group>"; };
		3EDBFCDB2A8FC03000EB8628 /* LiveScore.swift */ = {isa = PBXFileReference; lastKnownFileType = sourcecode.swift; path = LiveScore.swift; sourceTree = "<group>"; };
		3EDBFCDD2A8FC04900EB8628 /* LiveScoreViewModel.swift */ = {isa = PBXFileReference; lastKnownFileType = sourcecode.swift; path = LiveScoreViewModel.swift; sourceTree = "<group>"; };
		3EE35E522A5F86CB0026F952 /* Home.swift */ = {isa = PBXFileReference; lastKnownFileType = sourcecode.swift; path = Home.swift; sourceTree = "<group>"; };
		3EE35E542A60D77A0026F952 /* User.swift */ = {isa = PBXFileReference; lastKnownFileType = sourcecode.swift; path = User.swift; sourceTree = "<group>"; };
		3EE35E562A60D7940026F952 /* League.swift */ = {isa = PBXFileReference; lastKnownFileType = sourcecode.swift; path = League.swift; sourceTree = "<group>"; };
		3EE35E582A60D7B30026F952 /* Bet.swift */ = {isa = PBXFileReference; lastKnownFileType = sourcecode.swift; path = Bet.swift; sourceTree = "<group>"; };
		3EE35E5A2A60D7F00026F952 /* Parlay.swift */ = {isa = PBXFileReference; lastKnownFileType = sourcecode.swift; path = Parlay.swift; sourceTree = "<group>"; };
		3EE35E5C2A60D7FB0026F952 /* Game.swift */ = {isa = PBXFileReference; lastKnownFileType = sourcecode.swift; path = Game.swift; sourceTree = "<group>"; };
		3EE35E5F2A60DBE80026F952 /* HomeViewModel.swift */ = {isa = PBXFileReference; lastKnownFileType = sourcecode.swift; path = HomeViewModel.swift; sourceTree = "<group>"; };
		3EE35E622A60E2CE0026F952 /* nflData.json */ = {isa = PBXFileReference; lastKnownFileType = text.json; path = nflData.json; sourceTree = "<group>"; };
		3EE35E652A60E3940026F952 /* GameService.swift */ = {isa = PBXFileReference; lastKnownFileType = sourcecode.swift; path = GameService.swift; sourceTree = "<group>"; };
		3EE35E692A61C8C00026F952 /* Leaderboard.swift */ = {isa = PBXFileReference; lastKnownFileType = sourcecode.swift; path = Leaderboard.swift; sourceTree = "<group>"; };
		3EE35E6B2A6318E80026F952 /* nflScores.json */ = {isa = PBXFileReference; lastKnownFileType = text.json; path = nflScores.json; sourceTree = "<group>"; };
		3EF278752A9D2E5100DFC32C /* mlbData.json */ = {isa = PBXFileReference; lastKnownFileType = text.json; path = mlbData.json; sourceTree = "<group>"; };
		3EF278772A9D2E6100DFC32C /* mlbScores.json */ = {isa = PBXFileReference; lastKnownFileType = text.json; path = mlbScores.json; sourceTree = "<group>"; };
		3EF3991A2A71CF5100E03B76 /* Player.swift */ = {isa = PBXFileReference; lastKnownFileType = sourcecode.swift; path = Player.swift; sourceTree = "<group>"; };
		3EFA18702A7094F2002D6E94 /* UserViewModel.swift */ = {isa = PBXFileReference; lastKnownFileType = sourcecode.swift; path = UserViewModel.swift; sourceTree = "<group>"; };
		3EFA18722A709843002D6E94 /* BetViewModel.swift */ = {isa = PBXFileReference; lastKnownFileType = sourcecode.swift; path = BetViewModel.swift; sourceTree = "<group>"; };
		3EFA18762A709A99002D6E94 /* ParlayViewModel.swift */ = {isa = PBXFileReference; lastKnownFileType = sourcecode.swift; path = ParlayViewModel.swift; sourceTree = "<group>"; };
		3EFA18782A70C192002D6E94 /* LeagueViewModel.swift */ = {isa = PBXFileReference; lastKnownFileType = sourcecode.swift; path = LeagueViewModel.swift; sourceTree = "<group>"; };
		3EFA187A2A70C1C7002D6E94 /* PlayerViewModel.swift */ = {isa = PBXFileReference; lastKnownFileType = sourcecode.swift; path = PlayerViewModel.swift; sourceTree = "<group>"; };
/* End PBXFileReference section */

/* Begin PBXFrameworksBuildPhase section */
		3EA6503A2A5F7565007CA5ED /* Frameworks */ = {
			isa = PBXFrameworksBuildPhase;
			buildActionMask = 2147483647;
			files = (
				3E3596BF2A6C0B1800948A38 /* FirebaseAuth in Frameworks */,
				3E3596C12A6C0B1800948A38 /* FirebaseFirestore in Frameworks */,
				3E3596C32A6C0B1800948A38 /* FirebaseFirestoreSwift in Frameworks */,
			);
			runOnlyForDeploymentPostprocessing = 0;
		};
/* End PBXFrameworksBuildPhase section */

/* Begin PBXGroup section */
		3E195C742A74682200FB0CAD /* Helpers */ = {
			isa = PBXGroup;
			children = (
				3E195C752A74683200FB0CAD /* Constants.swift */,
			);
			path = Helpers;
			sourceTree = "<group>";
		};
		3E3451892AC2251400332133 /* League */ = {
			isa = PBXGroup;
			children = (
				3E34518A2AC226C800332133 /* JoinLeague.swift */,
				3E3451872AC2250C00332133 /* LeagueIntro.swift */,
				3E34518C2AC3477600332133 /* LeagueList.swift */,
			);
			path = League;
			sourceTree = "<group>";
		};
		3EA650342A5F7565007CA5ED = {
			isa = PBXGroup;
			children = (
				3EA6503F2A5F7565007CA5ED /* Kap */,
				3EA6503E2A5F7565007CA5ED /* Products */,
			);
			sourceTree = "<group>";
		};
		3EA6503E2A5F7565007CA5ED /* Products */ = {
			isa = PBXGroup;
			children = (
				3EA6503D2A5F7565007CA5ED /* Kap.app */,
			);
			name = Products;
			sourceTree = "<group>";
		};
		3EA6503F2A5F7565007CA5ED /* Kap */ = {
			isa = PBXGroup;
			children = (
				3EE35E5E2A60D8200026F952 /* Models */,
				3EE35E612A60DC550026F952 /* Views */,
				3EA6504E2A5F77C3007CA5ED /* ViewModels */,
				3EE35E642A60E34D0026F952 /* Services */,
				3EE35E6D2A6329460026F952 /* JSON */,
				3E195C742A74682200FB0CAD /* Helpers */,
				3EAA28A32AA4FA81003AB5EC /* GoogleService-Info.plist */,
				3EA650402A5F7565007CA5ED /* KapApp.swift */,
				3EA650442A5F7568007CA5ED /* Assets.xcassets */,
				3EA650462A5F7568007CA5ED /* Preview Content */,
			);
			path = Kap;
			sourceTree = "<group>";
		};
		3EA650462A5F7568007CA5ED /* Preview Content */ = {
			isa = PBXGroup;
			children = (
				3EA650472A5F7568007CA5ED /* Preview Assets.xcassets */,
			);
			path = "Preview Content";
			sourceTree = "<group>";
		};
		3EA6504E2A5F77C3007CA5ED /* ViewModels */ = {
			isa = PBXGroup;
			children = (
				3EE35E5F2A60DBE80026F952 /* HomeViewModel.swift */,
				3EDBFCD12A8E901B00EB8628 /* AuthViewModel.swift */,
				3EFA18702A7094F2002D6E94 /* UserViewModel.swift */,
				3EFA18782A70C192002D6E94 /* LeagueViewModel.swift */,
				3EFA18722A709843002D6E94 /* BetViewModel.swift */,
				3EFA187A2A70C1C7002D6E94 /* PlayerViewModel.swift */,
				3E195C772A747D8300FB0CAD /* LeaderboardViewModel.swift */,
				3EDBFCDD2A8FC04900EB8628 /* LiveScoreViewModel.swift */,
			);
			path = ViewModels;
			sourceTree = "<group>";
		};
		3EE35E5E2A60D8200026F952 /* Models */ = {
			isa = PBXGroup;
			children = (
				3EE35E5C2A60D7FB0026F952 /* Game.swift */,
				3EE35E5A2A60D7F00026F952 /* Parlay.swift */,
				3EE35E582A60D7B30026F952 /* Bet.swift */,
				3EE35E562A60D7940026F952 /* League.swift */,
				3EE35E542A60D77A0026F952 /* User.swift */,
				3EF3991A2A71CF5100E03B76 /* Player.swift */,
				3EFA18762A709A99002D6E94 /* ParlayViewModel.swift */,
			);
			path = Models;
			sourceTree = "<group>";
		};
		3EE35E612A60DC550026F952 /* Views */ = {
			isa = PBXGroup;
			children = (
				3E3451892AC2251400332133 /* League */,
				3EE35E522A5F86CB0026F952 /* Home.swift */,
				3E5D8D222A639B5300634DBE /* Board.swift */,
				3ED8EC3A2A65F47400E05FF2 /* Betslip.swift */,
				3E5D8D262A64718C00634DBE /* MyBets.swift */,
				3EDBFCD72A8EE20100EB8628 /* BetViews.swift */,
				3EE35E692A61C8C00026F952 /* Leaderboard.swift */,
				3EDBFCD52A8EA18000EB8628 /* Login.swift */,
				3E5D8D242A63A4F100634DBE /* CustomButton.swift */,
				3EDBFCD92A8EEE0D00EB8628 /* Profile.swift */,
				3EDBFCDB2A8FC03000EB8628 /* LiveScore.swift */,
				3EA874D92ABE9800009F4ED2 /* LiveBetsView.swift */,
				3E2995842AB4ED5E00F40003 /* PlayerBetsView.swift */,
				3E2995862AB9F4E600F40003 /* HowToPlay.swift */,
			);
			path = Views;
			sourceTree = "<group>";
		};
		3EE35E642A60E34D0026F952 /* Services */ = {
			isa = PBXGroup;
			children = (
				3EDBFCD32A8E907500EB8628 /* UserService.swift */,
				3EE35E652A60E3940026F952 /* GameService.swift */,
			);
			path = Services;
			sourceTree = "<group>";
		};
		3EE35E6D2A6329460026F952 /* JSON */ = {
			isa = PBXGroup;
			children = (
				3EF278752A9D2E5100DFC32C /* mlbData.json */,
				3EE35E622A60E2CE0026F952 /* nflData.json */,
				3EE35E6B2A6318E80026F952 /* nflScores.json */,
				3EF278772A9D2E6100DFC32C /* mlbScores.json */,
			);
			path = JSON;
			sourceTree = "<group>";
		};
/* End PBXGroup section */

/* Begin PBXNativeTarget section */
		3EA6503C2A5F7565007CA5ED /* Kap */ = {
			isa = PBXNativeTarget;
			buildConfigurationList = 3EA6504B2A5F7568007CA5ED /* Build configuration list for PBXNativeTarget "Kap" */;
			buildPhases = (
				3EA650392A5F7565007CA5ED /* Sources */,
				3EA6503A2A5F7565007CA5ED /* Frameworks */,
				3EA6503B2A5F7565007CA5ED /* Resources */,
			);
			buildRules = (
			);
			dependencies = (
			);
			name = Kap;
			packageProductDependencies = (
				3E3596BE2A6C0B1800948A38 /* FirebaseAuth */,
				3E3596C02A6C0B1800948A38 /* FirebaseFirestore */,
				3E3596C22A6C0B1800948A38 /* FirebaseFirestoreSwift */,
			);
			productName = Kap;
			productReference = 3EA6503D2A5F7565007CA5ED /* Kap.app */;
			productType = "com.apple.product-type.application";
		};
/* End PBXNativeTarget section */

/* Begin PBXProject section */
		3EA650352A5F7565007CA5ED /* Project object */ = {
			isa = PBXProject;
			attributes = {
				BuildIndependentTargetsInParallel = 1;
				LastSwiftUpdateCheck = 1500;
				LastUpgradeCheck = 1500;
				TargetAttributes = {
					3EA6503C2A5F7565007CA5ED = {
						CreatedOnToolsVersion = 15.0;
					};
				};
			};
			buildConfigurationList = 3EA650382A5F7565007CA5ED /* Build configuration list for PBXProject "Kap" */;
			compatibilityVersion = "Xcode 14.0";
			developmentRegion = en;
			hasScannedForEncodings = 0;
			knownRegions = (
				en,
				Base,
			);
			mainGroup = 3EA650342A5F7565007CA5ED;
			packageReferences = (
				3E3596BD2A6C0B1800948A38 /* XCRemoteSwiftPackageReference "firebase-ios-sdk" */,
			);
			productRefGroup = 3EA6503E2A5F7565007CA5ED /* Products */;
			projectDirPath = "";
			projectRoot = "";
			targets = (
				3EA6503C2A5F7565007CA5ED /* Kap */,
			);
		};
/* End PBXProject section */

/* Begin PBXResourcesBuildPhase section */
		3EA6503B2A5F7565007CA5ED /* Resources */ = {
			isa = PBXResourcesBuildPhase;
			buildActionMask = 2147483647;
			files = (
				3EE35E6C2A6318E80026F952 /* nflScores.json in Resources */,
				3EAA28A42AA4FA81003AB5EC /* GoogleService-Info.plist in Resources */,
				3EA650482A5F7568007CA5ED /* Preview Assets.xcassets in Resources */,
				3EF278782A9D2E6100DFC32C /* mlbScores.json in Resources */,
				3EA650452A5F7568007CA5ED /* Assets.xcassets in Resources */,
				3EE35E632A60E2CE0026F952 /* nflData.json in Resources */,
				3EF278762A9D2E5100DFC32C /* mlbData.json in Resources */,
			);
			runOnlyForDeploymentPostprocessing = 0;
		};
/* End PBXResourcesBuildPhase section */

/* Begin PBXSourcesBuildPhase section */
		3EA650392A5F7565007CA5ED /* Sources */ = {
			isa = PBXSourcesBuildPhase;
			buildActionMask = 2147483647;
			files = (
				3EDBFCDE2A8FC04900EB8628 /* LiveScoreViewModel.swift in Sources */,
				3E34518D2AC3477600332133 /* LeagueList.swift in Sources */,
				3EE35E572A60D7940026F952 /* League.swift in Sources */,
				3EFA18772A709A99002D6E94 /* ParlayViewModel.swift in Sources */,
				3E3451882AC2250C00332133 /* LeagueIntro.swift in Sources */,
				3EDBFCDC2A8FC03000EB8628 /* LiveScore.swift in Sources */,
				3EE35E6A2A61C8C00026F952 /* Leaderboard.swift in Sources */,
				3EE35E5D2A60D7FB0026F952 /* Game.swift in Sources */,
				3EA874DA2ABE9800009F4ED2 /* LiveBetsView.swift in Sources */,
				3E5D8D252A63A4F100634DBE /* CustomButton.swift in Sources */,
				3E5D8D272A64718C00634DBE /* MyBets.swift in Sources */,
				3E195C782A747D8300FB0CAD /* LeaderboardViewModel.swift in Sources */,
				3EE35E552A60D77A0026F952 /* User.swift in Sources */,
				3E34518B2AC226C800332133 /* JoinLeague.swift in Sources */,
				3EE35E532A5F86CB0026F952 /* Home.swift in Sources */,
				3EF3991B2A71CF5100E03B76 /* Player.swift in Sources */,
				3E5D8D232A639B5300634DBE /* Board.swift in Sources */,
				3EFA187B2A70C1C7002D6E94 /* PlayerViewModel.swift in Sources */,
				3EDBFCD82A8EE20100EB8628 /* BetViews.swift in Sources */,
				3E195C762A74683200FB0CAD /* Constants.swift in Sources */,
				3EA650412A5F7565007CA5ED /* KapApp.swift in Sources */,
				3EFA18712A7094F2002D6E94 /* UserViewModel.swift in Sources */,
				3E2995872AB9F4E600F40003 /* HowToPlay.swift in Sources */,
				3EFA18792A70C192002D6E94 /* LeagueViewModel.swift in Sources */,
				3EE35E5B2A60D7F00026F952 /* Parlay.swift in Sources */,
				3EDBFCD22A8E901B00EB8628 /* AuthViewModel.swift in Sources */,
				3EE35E662A60E3940026F952 /* GameService.swift in Sources */,
				3EE35E602A60DBE80026F952 /* HomeViewModel.swift in Sources */,
				3EDBFCD42A8E907500EB8628 /* UserService.swift in Sources */,
				3EDBFCD62A8EA18000EB8628 /* Login.swift in Sources */,
				3E2995852AB4ED5E00F40003 /* PlayerBetsView.swift in Sources */,
				3EE35E592A60D7B30026F952 /* Bet.swift in Sources */,
				3ED8EC3B2A65F47400E05FF2 /* Betslip.swift in Sources */,
				3EDBFCDA2A8EEE0D00EB8628 /* Profile.swift in Sources */,
				3EFA18732A709843002D6E94 /* BetViewModel.swift in Sources */,
			);
			runOnlyForDeploymentPostprocessing = 0;
		};
/* End PBXSourcesBuildPhase section */

/* Begin XCBuildConfiguration section */
		3EA650492A5F7568007CA5ED /* Debug */ = {
			isa = XCBuildConfiguration;
			buildSettings = {
				ALWAYS_SEARCH_USER_PATHS = NO;
				ASSETCATALOG_COMPILER_GENERATE_SWIFT_ASSET_SYMBOL_EXTENSIONS = YES;
				CLANG_ANALYZER_NONNULL = YES;
				CLANG_ANALYZER_NUMBER_OBJECT_CONVERSION = YES_AGGRESSIVE;
				CLANG_CXX_LANGUAGE_STANDARD = "gnu++20";
				CLANG_ENABLE_MODULES = YES;
				CLANG_ENABLE_OBJC_ARC = YES;
				CLANG_ENABLE_OBJC_WEAK = YES;
				CLANG_WARN_BLOCK_CAPTURE_AUTORELEASING = YES;
				CLANG_WARN_BOOL_CONVERSION = YES;
				CLANG_WARN_COMMA = YES;
				CLANG_WARN_CONSTANT_CONVERSION = YES;
				CLANG_WARN_DEPRECATED_OBJC_IMPLEMENTATIONS = YES;
				CLANG_WARN_DIRECT_OBJC_ISA_USAGE = YES_ERROR;
				CLANG_WARN_DOCUMENTATION_COMMENTS = YES;
				CLANG_WARN_EMPTY_BODY = YES;
				CLANG_WARN_ENUM_CONVERSION = YES;
				CLANG_WARN_INFINITE_RECURSION = YES;
				CLANG_WARN_INT_CONVERSION = YES;
				CLANG_WARN_NON_LITERAL_NULL_CONVERSION = YES;
				CLANG_WARN_OBJC_IMPLICIT_RETAIN_SELF = YES;
				CLANG_WARN_OBJC_LITERAL_CONVERSION = YES;
				CLANG_WARN_OBJC_ROOT_CLASS = YES_ERROR;
				CLANG_WARN_QUOTED_INCLUDE_IN_FRAMEWORK_HEADER = YES;
				CLANG_WARN_RANGE_LOOP_ANALYSIS = YES;
				CLANG_WARN_STRICT_PROTOTYPES = YES;
				CLANG_WARN_SUSPICIOUS_MOVE = YES;
				CLANG_WARN_UNGUARDED_AVAILABILITY = YES_AGGRESSIVE;
				CLANG_WARN_UNREACHABLE_CODE = YES;
				CLANG_WARN__DUPLICATE_METHOD_MATCH = YES;
				COPY_PHASE_STRIP = NO;
				DEBUG_INFORMATION_FORMAT = dwarf;
				ENABLE_STRICT_OBJC_MSGSEND = YES;
				ENABLE_TESTABILITY = YES;
				ENABLE_USER_SCRIPT_SANDBOXING = YES;
				GCC_C_LANGUAGE_STANDARD = gnu17;
				GCC_DYNAMIC_NO_PIC = NO;
				GCC_NO_COMMON_BLOCKS = YES;
				GCC_OPTIMIZATION_LEVEL = 0;
				GCC_PREPROCESSOR_DEFINITIONS = (
					"DEBUG=1",
					"$(inherited)",
				);
				GCC_WARN_64_TO_32_BIT_CONVERSION = YES;
				GCC_WARN_ABOUT_RETURN_TYPE = YES_ERROR;
				GCC_WARN_UNDECLARED_SELECTOR = YES;
				GCC_WARN_UNINITIALIZED_AUTOS = YES_AGGRESSIVE;
				GCC_WARN_UNUSED_FUNCTION = YES;
				GCC_WARN_UNUSED_VARIABLE = YES;
				IPHONEOS_DEPLOYMENT_TARGET = 16.6;
				LOCALIZATION_PREFERS_STRING_CATALOGS = YES;
				MTL_ENABLE_DEBUG_INFO = INCLUDE_SOURCE;
				MTL_FAST_MATH = YES;
				ONLY_ACTIVE_ARCH = YES;
				SDKROOT = iphoneos;
				SWIFT_ACTIVE_COMPILATION_CONDITIONS = "DEBUG $(inherited)";
				SWIFT_OPTIMIZATION_LEVEL = "-Onone";
			};
			name = Debug;
		};
		3EA6504A2A5F7568007CA5ED /* Release */ = {
			isa = XCBuildConfiguration;
			buildSettings = {
				ALWAYS_SEARCH_USER_PATHS = NO;
				ASSETCATALOG_COMPILER_GENERATE_SWIFT_ASSET_SYMBOL_EXTENSIONS = YES;
				CLANG_ANALYZER_NONNULL = YES;
				CLANG_ANALYZER_NUMBER_OBJECT_CONVERSION = YES_AGGRESSIVE;
				CLANG_CXX_LANGUAGE_STANDARD = "gnu++20";
				CLANG_ENABLE_MODULES = YES;
				CLANG_ENABLE_OBJC_ARC = YES;
				CLANG_ENABLE_OBJC_WEAK = YES;
				CLANG_WARN_BLOCK_CAPTURE_AUTORELEASING = YES;
				CLANG_WARN_BOOL_CONVERSION = YES;
				CLANG_WARN_COMMA = YES;
				CLANG_WARN_CONSTANT_CONVERSION = YES;
				CLANG_WARN_DEPRECATED_OBJC_IMPLEMENTATIONS = YES;
				CLANG_WARN_DIRECT_OBJC_ISA_USAGE = YES_ERROR;
				CLANG_WARN_DOCUMENTATION_COMMENTS = YES;
				CLANG_WARN_EMPTY_BODY = YES;
				CLANG_WARN_ENUM_CONVERSION = YES;
				CLANG_WARN_INFINITE_RECURSION = YES;
				CLANG_WARN_INT_CONVERSION = YES;
				CLANG_WARN_NON_LITERAL_NULL_CONVERSION = YES;
				CLANG_WARN_OBJC_IMPLICIT_RETAIN_SELF = YES;
				CLANG_WARN_OBJC_LITERAL_CONVERSION = YES;
				CLANG_WARN_OBJC_ROOT_CLASS = YES_ERROR;
				CLANG_WARN_QUOTED_INCLUDE_IN_FRAMEWORK_HEADER = YES;
				CLANG_WARN_RANGE_LOOP_ANALYSIS = YES;
				CLANG_WARN_STRICT_PROTOTYPES = YES;
				CLANG_WARN_SUSPICIOUS_MOVE = YES;
				CLANG_WARN_UNGUARDED_AVAILABILITY = YES_AGGRESSIVE;
				CLANG_WARN_UNREACHABLE_CODE = YES;
				CLANG_WARN__DUPLICATE_METHOD_MATCH = YES;
				COPY_PHASE_STRIP = NO;
				DEBUG_INFORMATION_FORMAT = "dwarf-with-dsym";
				ENABLE_NS_ASSERTIONS = NO;
				ENABLE_STRICT_OBJC_MSGSEND = YES;
				ENABLE_USER_SCRIPT_SANDBOXING = YES;
				GCC_C_LANGUAGE_STANDARD = gnu17;
				GCC_NO_COMMON_BLOCKS = YES;
				GCC_WARN_64_TO_32_BIT_CONVERSION = YES;
				GCC_WARN_ABOUT_RETURN_TYPE = YES_ERROR;
				GCC_WARN_UNDECLARED_SELECTOR = YES;
				GCC_WARN_UNINITIALIZED_AUTOS = YES_AGGRESSIVE;
				GCC_WARN_UNUSED_FUNCTION = YES;
				GCC_WARN_UNUSED_VARIABLE = YES;
				IPHONEOS_DEPLOYMENT_TARGET = 16.6;
				LOCALIZATION_PREFERS_STRING_CATALOGS = YES;
				MTL_ENABLE_DEBUG_INFO = NO;
				MTL_FAST_MATH = YES;
				SDKROOT = iphoneos;
				SWIFT_COMPILATION_MODE = wholemodule;
				VALIDATE_PRODUCT = YES;
			};
			name = Release;
		};
		3EA6504C2A5F7568007CA5ED /* Debug */ = {
			isa = XCBuildConfiguration;
			buildSettings = {
				ASSETCATALOG_COMPILER_APPICON_NAME = AppIcon;
				ASSETCATALOG_COMPILER_GLOBAL_ACCENT_COLOR_NAME = AccentColor;
				CODE_SIGN_STYLE = Automatic;
				CURRENT_PROJECT_VERSION = 28;
				DEVELOPMENT_ASSET_PATHS = "\"Kap/Preview Content\"";
				DEVELOPMENT_TEAM = G9RPYMS2PA;
				ENABLE_PREVIEWS = YES;
				GENERATE_INFOPLIST_FILE = YES;
				INFOPLIST_KEY_CFBundleDisplayName = Loch;
				INFOPLIST_KEY_LSApplicationCategoryType = "public.app-category.sports";
				INFOPLIST_KEY_UIApplicationSceneManifest_Generation = YES;
				INFOPLIST_KEY_UIApplicationSupportsIndirectInputEvents = YES;
				INFOPLIST_KEY_UILaunchScreen_Generation = YES;
				INFOPLIST_KEY_UISupportedInterfaceOrientations_iPad = "UIInterfaceOrientationPortrait UIInterfaceOrientationPortraitUpsideDown UIInterfaceOrientationLandscapeLeft UIInterfaceOrientationLandscapeRight";
				INFOPLIST_KEY_UISupportedInterfaceOrientations_iPhone = UIInterfaceOrientationPortrait;
				IPHONEOS_DEPLOYMENT_TARGET = 16.4;
				LD_RUNPATH_SEARCH_PATHS = (
					"$(inherited)",
					"@executable_path/Frameworks",
				);
				MARKETING_VERSION = 0.3.8;
				PRODUCT_BUNDLE_IDENTIFIER = com.devsmond.loch;
				PRODUCT_NAME = "$(TARGET_NAME)";
				SWIFT_EMIT_LOC_STRINGS = YES;
				SWIFT_VERSION = 5.0;
				TARGETED_DEVICE_FAMILY = "1,2";
			};
			name = Debug;
		};
		3EA6504D2A5F7568007CA5ED /* Release */ = {
			isa = XCBuildConfiguration;
			buildSettings = {
				ASSETCATALOG_COMPILER_APPICON_NAME = AppIcon;
				ASSETCATALOG_COMPILER_GLOBAL_ACCENT_COLOR_NAME = AccentColor;
				CODE_SIGN_STYLE = Automatic;
				CURRENT_PROJECT_VERSION = 28;
				DEVELOPMENT_ASSET_PATHS = "\"Kap/Preview Content\"";
				DEVELOPMENT_TEAM = G9RPYMS2PA;
				ENABLE_PREVIEWS = YES;
				GENERATE_INFOPLIST_FILE = YES;
				INFOPLIST_KEY_CFBundleDisplayName = Loch;
				INFOPLIST_KEY_LSApplicationCategoryType = "public.app-category.sports";
				INFOPLIST_KEY_UIApplicationSceneManifest_Generation = YES;
				INFOPLIST_KEY_UIApplicationSupportsIndirectInputEvents = YES;
				INFOPLIST_KEY_UILaunchScreen_Generation = YES;
				INFOPLIST_KEY_UISupportedInterfaceOrientations_iPad = "UIInterfaceOrientationPortrait UIInterfaceOrientationPortraitUpsideDown UIInterfaceOrientationLandscapeLeft UIInterfaceOrientationLandscapeRight";
				INFOPLIST_KEY_UISupportedInterfaceOrientations_iPhone = UIInterfaceOrientationPortrait;
				IPHONEOS_DEPLOYMENT_TARGET = 16.4;
				LD_RUNPATH_SEARCH_PATHS = (
					"$(inherited)",
					"@executable_path/Frameworks",
				);
				MARKETING_VERSION = 0.3.8;
				PRODUCT_BUNDLE_IDENTIFIER = com.devsmond.loch;
				PRODUCT_NAME = "$(TARGET_NAME)";
				SWIFT_EMIT_LOC_STRINGS = YES;
				SWIFT_VERSION = 5.0;
				TARGETED_DEVICE_FAMILY = "1,2";
			};
			name = Release;
		};
/* End XCBuildConfiguration section */

/* Begin XCConfigurationList section */
		3EA650382A5F7565007CA5ED /* Build configuration list for PBXProject "Kap" */ = {
			isa = XCConfigurationList;
			buildConfigurations = (
				3EA650492A5F7568007CA5ED /* Debug */,
				3EA6504A2A5F7568007CA5ED /* Release */,
			);
			defaultConfigurationIsVisible = 0;
			defaultConfigurationName = Release;
		};
		3EA6504B2A5F7568007CA5ED /* Build configuration list for PBXNativeTarget "Kap" */ = {
			isa = XCConfigurationList;
			buildConfigurations = (
				3EA6504C2A5F7568007CA5ED /* Debug */,
				3EA6504D2A5F7568007CA5ED /* Release */,
			);
			defaultConfigurationIsVisible = 0;
			defaultConfigurationName = Release;
		};
/* End XCConfigurationList section */

/* Begin XCRemoteSwiftPackageReference section */
		3E3596BD2A6C0B1800948A38 /* XCRemoteSwiftPackageReference "firebase-ios-sdk" */ = {
			isa = XCRemoteSwiftPackageReference;
			repositoryURL = "https://github.com/firebase/firebase-ios-sdk";
			requirement = {
				kind = exactVersion;
				version = 10.12.0;
			};
		};
/* End XCRemoteSwiftPackageReference section */

/* Begin XCSwiftPackageProductDependency section */
		3E3596BE2A6C0B1800948A38 /* FirebaseAuth */ = {
			isa = XCSwiftPackageProductDependency;
			package = 3E3596BD2A6C0B1800948A38 /* XCRemoteSwiftPackageReference "firebase-ios-sdk" */;
			productName = FirebaseAuth;
		};
		3E3596C02A6C0B1800948A38 /* FirebaseFirestore */ = {
			isa = XCSwiftPackageProductDependency;
			package = 3E3596BD2A6C0B1800948A38 /* XCRemoteSwiftPackageReference "firebase-ios-sdk" */;
			productName = FirebaseFirestore;
		};
		3E3596C22A6C0B1800948A38 /* FirebaseFirestoreSwift */ = {
			isa = XCSwiftPackageProductDependency;
			package = 3E3596BD2A6C0B1800948A38 /* XCRemoteSwiftPackageReference "firebase-ios-sdk" */;
			productName = FirebaseFirestoreSwift;
		};
/* End XCSwiftPackageProductDependency section */
	};
	rootObject = 3EA650352A5F7565007CA5ED /* Project object */;
}
