// !$*UTF8*$!
{
	archiveVersion = 1;
	classes = {
	};
	objectVersion = 56;
	objects = {

/* Begin PBXBuildFile section */
		3EA650412A5F7565007CA5ED /* KapApp.swift in Sources */ = {isa = PBXBuildFile; fileRef = 3EA650402A5F7565007CA5ED /* KapApp.swift */; };
		3EA650452A5F7568007CA5ED /* Assets.xcassets in Resources */ = {isa = PBXBuildFile; fileRef = 3EA650442A5F7568007CA5ED /* Assets.xcassets */; };
		3EA650482A5F7568007CA5ED /* Preview Assets.xcassets in Resources */ = {isa = PBXBuildFile; fileRef = 3EA650472A5F7568007CA5ED /* Preview Assets.xcassets */; };
		3EA650522A5F7D55007CA5ED /* ExtendedWeeklyLeaderboard.swift in Sources */ = {isa = PBXBuildFile; fileRef = 3EA650512A5F7D55007CA5ED /* ExtendedWeeklyLeaderboard.swift */; };
		3EE35E532A5F86CB0026F952 /* Home.swift in Sources */ = {isa = PBXBuildFile; fileRef = 3EE35E522A5F86CB0026F952 /* Home.swift */; };
		3EE35E552A60D77A0026F952 /* User.swift in Sources */ = {isa = PBXBuildFile; fileRef = 3EE35E542A60D77A0026F952 /* User.swift */; };
		3EE35E572A60D7940026F952 /* League.swift in Sources */ = {isa = PBXBuildFile; fileRef = 3EE35E562A60D7940026F952 /* League.swift */; };
		3EE35E592A60D7B30026F952 /* Bet.swift in Sources */ = {isa = PBXBuildFile; fileRef = 3EE35E582A60D7B30026F952 /* Bet.swift */; };
		3EE35E5B2A60D7F00026F952 /* Parlay.swift in Sources */ = {isa = PBXBuildFile; fileRef = 3EE35E5A2A60D7F00026F952 /* Parlay.swift */; };
		3EE35E5D2A60D7FB0026F952 /* Game.swift in Sources */ = {isa = PBXBuildFile; fileRef = 3EE35E5C2A60D7FB0026F952 /* Game.swift */; };
		3EE35E602A60DBE80026F952 /* AppDataViewModel.swift in Sources */ = {isa = PBXBuildFile; fileRef = 3EE35E5F2A60DBE80026F952 /* AppDataViewModel.swift */; };
		3EE35E632A60E2CE0026F952 /* nflData.json in Resources */ = {isa = PBXBuildFile; fileRef = 3EE35E622A60E2CE0026F952 /* nflData.json */; };
		3EE35E662A60E3940026F952 /* GameService.swift in Sources */ = {isa = PBXBuildFile; fileRef = 3EE35E652A60E3940026F952 /* GameService.swift */; };
		3EE35E682A60E6C80026F952 /* BetService.swift in Sources */ = {isa = PBXBuildFile; fileRef = 3EE35E672A60E6C80026F952 /* BetService.swift */; };
/* End PBXBuildFile section */

/* Begin PBXFileReference section */
		3EA6503D2A5F7565007CA5ED /* Kap.app */ = {isa = PBXFileReference; explicitFileType = wrapper.application; includeInIndex = 0; path = Kap.app; sourceTree = BUILT_PRODUCTS_DIR; };
		3EA650402A5F7565007CA5ED /* KapApp.swift */ = {isa = PBXFileReference; lastKnownFileType = sourcecode.swift; path = KapApp.swift; sourceTree = "<group>"; };
		3EA650442A5F7568007CA5ED /* Assets.xcassets */ = {isa = PBXFileReference; lastKnownFileType = folder.assetcatalog; path = Assets.xcassets; sourceTree = "<group>"; };
		3EA650472A5F7568007CA5ED /* Preview Assets.xcassets */ = {isa = PBXFileReference; lastKnownFileType = folder.assetcatalog; path = "Preview Assets.xcassets"; sourceTree = "<group>"; };
		3EA650512A5F7D55007CA5ED /* ExtendedWeeklyLeaderboard.swift */ = {isa = PBXFileReference; lastKnownFileType = sourcecode.swift; path = ExtendedWeeklyLeaderboard.swift; sourceTree = "<group>"; };
		3EE35E522A5F86CB0026F952 /* Home.swift */ = {isa = PBXFileReference; lastKnownFileType = sourcecode.swift; path = Home.swift; sourceTree = "<group>"; };
		3EE35E542A60D77A0026F952 /* User.swift */ = {isa = PBXFileReference; lastKnownFileType = sourcecode.swift; path = User.swift; sourceTree = "<group>"; };
		3EE35E562A60D7940026F952 /* League.swift */ = {isa = PBXFileReference; lastKnownFileType = sourcecode.swift; path = League.swift; sourceTree = "<group>"; };
		3EE35E582A60D7B30026F952 /* Bet.swift */ = {isa = PBXFileReference; lastKnownFileType = sourcecode.swift; path = Bet.swift; sourceTree = "<group>"; };
		3EE35E5A2A60D7F00026F952 /* Parlay.swift */ = {isa = PBXFileReference; lastKnownFileType = sourcecode.swift; path = Parlay.swift; sourceTree = "<group>"; };
		3EE35E5C2A60D7FB0026F952 /* Game.swift */ = {isa = PBXFileReference; lastKnownFileType = sourcecode.swift; path = Game.swift; sourceTree = "<group>"; };
		3EE35E5F2A60DBE80026F952 /* AppDataViewModel.swift */ = {isa = PBXFileReference; lastKnownFileType = sourcecode.swift; path = AppDataViewModel.swift; sourceTree = "<group>"; };
		3EE35E622A60E2CE0026F952 /* nflData.json */ = {isa = PBXFileReference; lastKnownFileType = text.json; path = nflData.json; sourceTree = "<group>"; };
		3EE35E652A60E3940026F952 /* GameService.swift */ = {isa = PBXFileReference; lastKnownFileType = sourcecode.swift; path = GameService.swift; sourceTree = "<group>"; };
		3EE35E672A60E6C80026F952 /* BetService.swift */ = {isa = PBXFileReference; lastKnownFileType = sourcecode.swift; path = BetService.swift; sourceTree = "<group>"; };
/* End PBXFileReference section */

/* Begin PBXFrameworksBuildPhase section */
		3EA6503A2A5F7565007CA5ED /* Frameworks */ = {
			isa = PBXFrameworksBuildPhase;
			buildActionMask = 2147483647;
			files = (
			);
			runOnlyForDeploymentPostprocessing = 0;
		};
/* End PBXFrameworksBuildPhase section */

/* Begin PBXGroup section */
		3EA650342A5F7565007CA5ED = {
			isa = PBXGroup;
			children = (
				3EA6503F2A5F7565007CA5ED /* Kap */,
				3EA6503E2A5F7565007CA5ED /* Products */,
			);
			sourceTree = "<group>";
		};
		3EA6503E2A5F7565007CA5ED /* Products */ = {
			isa = PBXGroup;
			children = (
				3EA6503D2A5F7565007CA5ED /* Kap.app */,
			);
			name = Products;
			sourceTree = "<group>";
		};
		3EA6503F2A5F7565007CA5ED /* Kap */ = {
			isa = PBXGroup;
			children = (
				3EE35E5E2A60D8200026F952 /* Models */,
				3EE35E612A60DC550026F952 /* Views */,
				3EA6504E2A5F77C3007CA5ED /* ViewModels */,
				3EE35E642A60E34D0026F952 /* Services */,
				3EE35E622A60E2CE0026F952 /* nflData.json */,
				3EA650402A5F7565007CA5ED /* KapApp.swift */,
				3EA650442A5F7568007CA5ED /* Assets.xcassets */,
				3EA650462A5F7568007CA5ED /* Preview Content */,
			);
			path = Kap;
			sourceTree = "<group>";
		};
		3EA650462A5F7568007CA5ED /* Preview Content */ = {
			isa = PBXGroup;
			children = (
				3EA650472A5F7568007CA5ED /* Preview Assets.xcassets */,
			);
			path = "Preview Content";
			sourceTree = "<group>";
		};
		3EA6504E2A5F77C3007CA5ED /* ViewModels */ = {
			isa = PBXGroup;
			children = (
				3EE35E5F2A60DBE80026F952 /* AppDataViewModel.swift */,
			);
			path = ViewModels;
			sourceTree = "<group>";
		};
		3EE35E5E2A60D8200026F952 /* Models */ = {
			isa = PBXGroup;
			children = (
				3EE35E5C2A60D7FB0026F952 /* Game.swift */,
				3EE35E5A2A60D7F00026F952 /* Parlay.swift */,
				3EE35E582A60D7B30026F952 /* Bet.swift */,
				3EE35E562A60D7940026F952 /* League.swift */,
				3EE35E542A60D77A0026F952 /* User.swift */,
			);
			path = Models;
			sourceTree = "<group>";
		};
		3EE35E612A60DC550026F952 /* Views */ = {
			isa = PBXGroup;
			children = (
				3EA650512A5F7D55007CA5ED /* ExtendedWeeklyLeaderboard.swift */,
				3EE35E522A5F86CB0026F952 /* Home.swift */,
			);
			path = Views;
			sourceTree = "<group>";
		};
		3EE35E642A60E34D0026F952 /* Services */ = {
			isa = PBXGroup;
			children = (
				3EE35E652A60E3940026F952 /* GameService.swift */,
				3EE35E672A60E6C80026F952 /* BetService.swift */,
			);
			path = Services;
			sourceTree = "<group>";
		};
/* End PBXGroup section */

/* Begin PBXNativeTarget section */
		3EA6503C2A5F7565007CA5ED /* Kap */ = {
			isa = PBXNativeTarget;
			buildConfigurationList = 3EA6504B2A5F7568007CA5ED /* Build configuration list for PBXNativeTarget "Kap" */;
			buildPhases = (
				3EA650392A5F7565007CA5ED /* Sources */,
				3EA6503A2A5F7565007CA5ED /* Frameworks */,
				3EA6503B2A5F7565007CA5ED /* Resources */,
			);
			buildRules = (
			);
			dependencies = (
			);
			name = Kap;
			productName = Kap;
			productReference = 3EA6503D2A5F7565007CA5ED /* Kap.app */;
			productType = "com.apple.product-type.application";
		};
/* End PBXNativeTarget section */

/* Begin PBXProject section */
		3EA650352A5F7565007CA5ED /* Project object */ = {
			isa = PBXProject;
			attributes = {
				BuildIndependentTargetsInParallel = 1;
				LastSwiftUpdateCheck = 1500;
				LastUpgradeCheck = 1500;
				TargetAttributes = {
					3EA6503C2A5F7565007CA5ED = {
						CreatedOnToolsVersion = 15.0;
					};
				};
			};
			buildConfigurationList = 3EA650382A5F7565007CA5ED /* Build configuration list for PBXProject "Kap" */;
			compatibilityVersion = "Xcode 14.0";
			developmentRegion = en;
			hasScannedForEncodings = 0;
			knownRegions = (
				en,
				Base,
			);
			mainGroup = 3EA650342A5F7565007CA5ED;
			productRefGroup = 3EA6503E2A5F7565007CA5ED /* Products */;
			projectDirPath = "";
			projectRoot = "";
			targets = (
				3EA6503C2A5F7565007CA5ED /* Kap */,
			);
		};
/* End PBXProject section */

/* Begin PBXResourcesBuildPhase section */
		3EA6503B2A5F7565007CA5ED /* Resources */ = {
			isa = PBXResourcesBuildPhase;
			buildActionMask = 2147483647;
			files = (
				3EA650482A5F7568007CA5ED /* Preview Assets.xcassets in Resources */,
				3EA650452A5F7568007CA5ED /* Assets.xcassets in Resources */,
				3EE35E632A60E2CE0026F952 /* nflData.json in Resources */,
			);
			runOnlyForDeploymentPostprocessing = 0;
		};
/* End PBXResourcesBuildPhase section */

/* Begin PBXSourcesBuildPhase section */
		3EA650392A5F7565007CA5ED /* Sources */ = {
			isa = PBXSourcesBuildPhase;
			buildActionMask = 2147483647;
			files = (
				3EE35E572A60D7940026F952 /* League.swift in Sources */,
				3EE35E5D2A60D7FB0026F952 /* Game.swift in Sources */,
				3EA650522A5F7D55007CA5ED /* ExtendedWeeklyLeaderboard.swift in Sources */,
				3EE35E552A60D77A0026F952 /* User.swift in Sources */,
				3EE35E532A5F86CB0026F952 /* Home.swift in Sources */,
				3EA650412A5F7565007CA5ED /* KapApp.swift in Sources */,
				3EE35E5B2A60D7F00026F952 /* Parlay.swift in Sources */,
				3EE35E662A60E3940026F952 /* GameService.swift in Sources */,
				3EE35E602A60DBE80026F952 /* AppDataViewModel.swift in Sources */,
				3EE35E592A60D7B30026F952 /* Bet.swift in Sources */,
				3EE35E682A60E6C80026F952 /* BetService.swift in Sources */,
			);
			runOnlyForDeploymentPostprocessing = 0;
		};
/* End PBXSourcesBuildPhase section */

/* Begin XCBuildConfiguration section */
		3EA650492A5F7568007CA5ED /* Debug */ = {
			isa = XCBuildConfiguration;
			buildSettings = {
				ALWAYS_SEARCH_USER_PATHS = NO;
				ASSETCATALOG_COMPILER_GENERATE_SWIFT_ASSET_SYMBOL_EXTENSIONS = YES;
				CLANG_ANALYZER_NONNULL = YES;
				CLANG_ANALYZER_NUMBER_OBJECT_CONVERSION = YES_AGGRESSIVE;
				CLANG_CXX_LANGUAGE_STANDARD = "gnu++20";
				CLANG_ENABLE_MODULES = YES;
				CLANG_ENABLE_OBJC_ARC = YES;
				CLANG_ENABLE_OBJC_WEAK = YES;
				CLANG_WARN_BLOCK_CAPTURE_AUTORELEASING = YES;
				CLANG_WARN_BOOL_CONVERSION = YES;
				CLANG_WARN_COMMA = YES;
				CLANG_WARN_CONSTANT_CONVERSION = YES;
				CLANG_WARN_DEPRECATED_OBJC_IMPLEMENTATIONS = YES;
				CLANG_WARN_DIRECT_OBJC_ISA_USAGE = YES_ERROR;
				CLANG_WARN_DOCUMENTATION_COMMENTS = YES;
				CLANG_WARN_EMPTY_BODY = YES;
				CLANG_WARN_ENUM_CONVERSION = YES;
				CLANG_WARN_INFINITE_RECURSION = YES;
				CLANG_WARN_INT_CONVERSION = YES;
				CLANG_WARN_NON_LITERAL_NULL_CONVERSION = YES;
				CLANG_WARN_OBJC_IMPLICIT_RETAIN_SELF = YES;
				CLANG_WARN_OBJC_LITERAL_CONVERSION = YES;
				CLANG_WARN_OBJC_ROOT_CLASS = YES_ERROR;
				CLANG_WARN_QUOTED_INCLUDE_IN_FRAMEWORK_HEADER = YES;
				CLANG_WARN_RANGE_LOOP_ANALYSIS = YES;
				CLANG_WARN_STRICT_PROTOTYPES = YES;
				CLANG_WARN_SUSPICIOUS_MOVE = YES;
				CLANG_WARN_UNGUARDED_AVAILABILITY = YES_AGGRESSIVE;
				CLANG_WARN_UNREACHABLE_CODE = YES;
				CLANG_WARN__DUPLICATE_METHOD_MATCH = YES;
				COPY_PHASE_STRIP = NO;
				DEBUG_INFORMATION_FORMAT = dwarf;
				ENABLE_STRICT_OBJC_MSGSEND = YES;
				ENABLE_TESTABILITY = YES;
				ENABLE_USER_SCRIPT_SANDBOXING = YES;
				GCC_C_LANGUAGE_STANDARD = gnu17;
				GCC_DYNAMIC_NO_PIC = NO;
				GCC_NO_COMMON_BLOCKS = YES;
				GCC_OPTIMIZATION_LEVEL = 0;
				GCC_PREPROCESSOR_DEFINITIONS = (
					"DEBUG=1",
					"$(inherited)",
				);
				GCC_WARN_64_TO_32_BIT_CONVERSION = YES;
				GCC_WARN_ABOUT_RETURN_TYPE = YES_ERROR;
				GCC_WARN_UNDECLARED_SELECTOR = YES;
				GCC_WARN_UNINITIALIZED_AUTOS = YES_AGGRESSIVE;
				GCC_WARN_UNUSED_FUNCTION = YES;
				GCC_WARN_UNUSED_VARIABLE = YES;
				IPHONEOS_DEPLOYMENT_TARGET = 17.0;
				LOCALIZATION_PREFERS_STRING_CATALOGS = YES;
				MTL_ENABLE_DEBUG_INFO = INCLUDE_SOURCE;
				MTL_FAST_MATH = YES;
				ONLY_ACTIVE_ARCH = YES;
				SDKROOT = iphoneos;
				SWIFT_ACTIVE_COMPILATION_CONDITIONS = "DEBUG $(inherited)";
				SWIFT_OPTIMIZATION_LEVEL = "-Onone";
			};
			name = Debug;
		};
		3EA6504A2A5F7568007CA5ED /* Release */ = {
			isa = XCBuildConfiguration;
			buildSettings = {
				ALWAYS_SEARCH_USER_PATHS = NO;
				ASSETCATALOG_COMPILER_GENERATE_SWIFT_ASSET_SYMBOL_EXTENSIONS = YES;
				CLANG_ANALYZER_NONNULL = YES;
				CLANG_ANALYZER_NUMBER_OBJECT_CONVERSION = YES_AGGRESSIVE;
				CLANG_CXX_LANGUAGE_STANDARD = "gnu++20";
				CLANG_ENABLE_MODULES = YES;
				CLANG_ENABLE_OBJC_ARC = YES;
				CLANG_ENABLE_OBJC_WEAK = YES;
				CLANG_WARN_BLOCK_CAPTURE_AUTORELEASING = YES;
				CLANG_WARN_BOOL_CONVERSION = YES;
				CLANG_WARN_COMMA = YES;
				CLANG_WARN_CONSTANT_CONVERSION = YES;
				CLANG_WARN_DEPRECATED_OBJC_IMPLEMENTATIONS = YES;
				CLANG_WARN_DIRECT_OBJC_ISA_USAGE = YES_ERROR;
				CLANG_WARN_DOCUMENTATION_COMMENTS = YES;
				CLANG_WARN_EMPTY_BODY = YES;
				CLANG_WARN_ENUM_CONVERSION = YES;
				CLANG_WARN_INFINITE_RECURSION = YES;
				CLANG_WARN_INT_CONVERSION = YES;
				CLANG_WARN_NON_LITERAL_NULL_CONVERSION = YES;
				CLANG_WARN_OBJC_IMPLICIT_RETAIN_SELF = YES;
				CLANG_WARN_OBJC_LITERAL_CONVERSION = YES;
				CLANG_WARN_OBJC_ROOT_CLASS = YES_ERROR;
				CLANG_WARN_QUOTED_INCLUDE_IN_FRAMEWORK_HEADER = YES;
				CLANG_WARN_RANGE_LOOP_ANALYSIS = YES;
				CLANG_WARN_STRICT_PROTOTYPES = YES;
				CLANG_WARN_SUSPICIOUS_MOVE = YES;
				CLANG_WARN_UNGUARDED_AVAILABILITY = YES_AGGRESSIVE;
				CLANG_WARN_UNREACHABLE_CODE = YES;
				CLANG_WARN__DUPLICATE_METHOD_MATCH = YES;
				COPY_PHASE_STRIP = NO;
				DEBUG_INFORMATION_FORMAT = "dwarf-with-dsym";
				ENABLE_NS_ASSERTIONS = NO;
				ENABLE_STRICT_OBJC_MSGSEND = YES;
				ENABLE_USER_SCRIPT_SANDBOXING = YES;
				GCC_C_LANGUAGE_STANDARD = gnu17;
				GCC_NO_COMMON_BLOCKS = YES;
				GCC_WARN_64_TO_32_BIT_CONVERSION = YES;
				GCC_WARN_ABOUT_RETURN_TYPE = YES_ERROR;
				GCC_WARN_UNDECLARED_SELECTOR = YES;
				GCC_WARN_UNINITIALIZED_AUTOS = YES_AGGRESSIVE;
				GCC_WARN_UNUSED_FUNCTION = YES;
				GCC_WARN_UNUSED_VARIABLE = YES;
				IPHONEOS_DEPLOYMENT_TARGET = 17.0;
				LOCALIZATION_PREFERS_STRING_CATALOGS = YES;
				MTL_ENABLE_DEBUG_INFO = NO;
				MTL_FAST_MATH = YES;
				SDKROOT = iphoneos;
				SWIFT_COMPILATION_MODE = wholemodule;
				VALIDATE_PRODUCT = YES;
			};
			name = Release;
		};
		3EA6504C2A5F7568007CA5ED /* Debug */ = {
			isa = XCBuildConfiguration;
			buildSettings = {
				ASSETCATALOG_COMPILER_APPICON_NAME = AppIcon;
				ASSETCATALOG_COMPILER_GLOBAL_ACCENT_COLOR_NAME = AccentColor;
				CODE_SIGN_STYLE = Automatic;
				CURRENT_PROJECT_VERSION = 1;
				DEVELOPMENT_ASSET_PATHS = "\"Kap/Preview Content\"";
				DEVELOPMENT_TEAM = G9RPYMS2PA;
				ENABLE_PREVIEWS = YES;
				GENERATE_INFOPLIST_FILE = YES;
				INFOPLIST_KEY_UIApplicationSceneManifest_Generation = YES;
				INFOPLIST_KEY_UIApplicationSupportsIndirectInputEvents = YES;
				INFOPLIST_KEY_UILaunchScreen_Generation = YES;
				INFOPLIST_KEY_UISupportedInterfaceOrientations_iPad = "UIInterfaceOrientationPortrait UIInterfaceOrientationPortraitUpsideDown UIInterfaceOrientationLandscapeLeft UIInterfaceOrientationLandscapeRight";
				INFOPLIST_KEY_UISupportedInterfaceOrientations_iPhone = "UIInterfaceOrientationPortrait UIInterfaceOrientationLandscapeLeft UIInterfaceOrientationLandscapeRight";
				LD_RUNPATH_SEARCH_PATHS = (
					"$(inherited)",
					"@executable_path/Frameworks",
				);
				MARKETING_VERSION = 1.0;
				PRODUCT_BUNDLE_IDENTIFIER = devsmond.Kap;
				PRODUCT_NAME = "$(TARGET_NAME)";
				SWIFT_EMIT_LOC_STRINGS = YES;
				SWIFT_VERSION = 5.0;
				TARGETED_DEVICE_FAMILY = "1,2";
			};
			name = Debug;
		};
		3EA6504D2A5F7568007CA5ED /* Release */ = {
			isa = XCBuildConfiguration;
			buildSettings = {
				ASSETCATALOG_COMPILER_APPICON_NAME = AppIcon;
				ASSETCATALOG_COMPILER_GLOBAL_ACCENT_COLOR_NAME = AccentColor;
				CODE_SIGN_STYLE = Automatic;
				CURRENT_PROJECT_VERSION = 1;
				DEVELOPMENT_ASSET_PATHS = "\"Kap/Preview Content\"";
				DEVELOPMENT_TEAM = G9RPYMS2PA;
				ENABLE_PREVIEWS = YES;
				GENERATE_INFOPLIST_FILE = YES;
				INFOPLIST_KEY_UIApplicationSceneManifest_Generation = YES;
				INFOPLIST_KEY_UIApplicationSupportsIndirectInputEvents = YES;
				INFOPLIST_KEY_UILaunchScreen_Generation = YES;
				INFOPLIST_KEY_UISupportedInterfaceOrientations_iPad = "UIInterfaceOrientationPortrait UIInterfaceOrientationPortraitUpsideDown UIInterfaceOrientationLandscapeLeft UIInterfaceOrientationLandscapeRight";
				INFOPLIST_KEY_UISupportedInterfaceOrientations_iPhone = "UIInterfaceOrientationPortrait UIInterfaceOrientationLandscapeLeft UIInterfaceOrientationLandscapeRight";
				LD_RUNPATH_SEARCH_PATHS = (
					"$(inherited)",
					"@executable_path/Frameworks",
				);
				MARKETING_VERSION = 1.0;
				PRODUCT_BUNDLE_IDENTIFIER = devsmond.Kap;
				PRODUCT_NAME = "$(TARGET_NAME)";
				SWIFT_EMIT_LOC_STRINGS = YES;
				SWIFT_VERSION = 5.0;
				TARGETED_DEVICE_FAMILY = "1,2";
			};
			name = Release;
		};
/* End XCBuildConfiguration section */

/* Begin XCConfigurationList section */
		3EA650382A5F7565007CA5ED /* Build configuration list for PBXProject "Kap" */ = {
			isa = XCConfigurationList;
			buildConfigurations = (
				3EA650492A5F7568007CA5ED /* Debug */,
				3EA6504A2A5F7568007CA5ED /* Release */,
			);
			defaultConfigurationIsVisible = 0;
			defaultConfigurationName = Release;
		};
		3EA6504B2A5F7568007CA5ED /* Build configuration list for PBXNativeTarget "Kap" */ = {
			isa = XCConfigurationList;
			buildConfigurations = (
				3EA6504C2A5F7568007CA5ED /* Debug */,
				3EA6504D2A5F7568007CA5ED /* Release */,
			);
			defaultConfigurationIsVisible = 0;
			defaultConfigurationName = Release;
		};
/* End XCConfigurationList section */
	};
	rootObject = 3EA650352A5F7565007CA5ED /* Project object */;
}
